
Microsoft Visual Studio Solution File, Format Version 12.00
# Visual Studio 15
VisualStudioVersion = 15.0.28010.2016
MinimumVisualStudioVersion = 10.0.40219.1
Project("{FAE04EC0-301F-11D3-BF4B-00C04F79EFBC}") = "Initials", "Initials\Initials.csproj", "{35BFA140-2D50-4C7C-ABE5-7D23A4A5B030}"
EndProject
Project("{FAE04EC0-301F-11D3-BF4B-00C04F79EFBC}") = "Test", "Test\Test.csproj", "{FC065B3B-010F-4594-AD99-38A4067473C1}"
EndProject
Global
	GlobalSection(SolutionConfigurationPlatforms) = preSolution
		Debug|Any CPU = Debug|Any CPU
		Release|Any CPU = Release|Any CPU
	EndGlobalSection
	GlobalSection(ProjectConfigurationPlatforms) = postSolution
		{35BFA140-2D50-4C7C-ABE5-7D23A4A5B030}.Debug|Any CPU.ActiveCfg = Debug|Any CPU
		{35BFA140-2D50-4C7C-ABE5-7D23A4A5B030}.Debug|Any CPU.Build.0 = Debug|Any CPU
		{35BFA140-2D50-4C7C-ABE5-7D23A4A5B030}.Release|Any CPU.ActiveCfg = Release|Any CPU
		{35BFA140-2D50-4C7C-ABE5-7D23A4A5B030}.Release|Any CPU.Build.0 = Release|Any CPU
		{FC065B3B-010F-4594-AD99-38A4067473C1}.Debug|Any CPU.ActiveCfg = Debug|Any CPU
		{FC065B3B-010F-4594-AD99-38A4067473C1}.Debug|Any CPU.Build.0 = Debug|Any CPU
		{FC065B3B-010F-4594-AD99-38A4067473C1}.Release|Any CPU.ActiveCfg = Release|Any CPU
		{FC065B3B-010F-4594-AD99-38A4067473C1}.Release|Any CPU.Build.0 = Release|Any CPU
	EndGlobalSection
	GlobalSection(SolutionProperties) = preSolution
		HideSolutionNode = FALSE
	EndGlobalSection
	GlobalSection(ExtensibilityGlobals) = postSolution
		SolutionGuid = {437166EC-E759-442D-95CC-B5D89FB203C3}
	EndGlobalSection
EndGlobal
